
Microsoft Visual Studio Solution File, Format Version 11.00
# Visual Studio 2010
Project("{FAE04EC0-301F-11D3-BF4B-00C04F79EFBC}") = "TimSort", "TimSort\TimSort.csproj", "{AE2CA992-0C52-4978-9BFE-4E75B95395A1}"
EndProject
Project("{FAE04EC0-301F-11D3-BF4B-00C04F79EFBC}") = "TimSort.Tests", "TimSort.Tests\TimSort.Tests.csproj", "{90C63D49-49E0-4859-AD43-B76F5300FAC0}"
EndProject
Global
	GlobalSection(SolutionConfigurationPlatforms) = preSolution
		Debug|Any CPU = Debug|Any CPU
		Debug|x86 = Debug|x86
		Release|Any CPU = Release|Any CPU
		Release|x86 = Release|x86
		Unsafe|Any CPU = Unsafe|Any CPU
		Unsafe|x86 = Unsafe|x86
	EndGlobalSection
	GlobalSection(ProjectConfigurationPlatforms) = postSolution
		{AE2CA992-0C52-4978-9BFE-4E75B95395A1}.Debug|Any CPU.ActiveCfg = Debug|Any CPU
		{AE2CA992-0C52-4978-9BFE-4E75B95395A1}.Debug|Any CPU.Build.0 = Debug|Any CPU
		{AE2CA992-0C52-4978-9BFE-4E75B95395A1}.Debug|x86.ActiveCfg = Debug|Any CPU
		{AE2CA992-0C52-4978-9BFE-4E75B95395A1}.Release|Any CPU.ActiveCfg = Release|Any CPU
		{AE2CA992-0C52-4978-9BFE-4E75B95395A1}.Release|Any CPU.Build.0 = Release|Any CPU
		{AE2CA992-0C52-4978-9BFE-4E75B95395A1}.Release|x86.ActiveCfg = Release|Any CPU
		{AE2CA992-0C52-4978-9BFE-4E75B95395A1}.Unsafe|Any CPU.ActiveCfg = Unsafe|Any CPU
		{AE2CA992-0C52-4978-9BFE-4E75B95395A1}.Unsafe|Any CPU.Build.0 = Unsafe|Any CPU
		{AE2CA992-0C52-4978-9BFE-4E75B95395A1}.Unsafe|x86.ActiveCfg = Unsafe|Any CPU
		{90C63D49-49E0-4859-AD43-B76F5300FAC0}.Debug|Any CPU.ActiveCfg = Debug|Any CPU
		{90C63D49-49E0-4859-AD43-B76F5300FAC0}.Debug|Any CPU.Build.0 = Debug|Any CPU
		{90C63D49-49E0-4859-AD43-B76F5300FAC0}.Debug|x86.ActiveCfg = Debug|x86
		{90C63D49-49E0-4859-AD43-B76F5300FAC0}.Debug|x86.Build.0 = Debug|x86
		{90C63D49-49E0-4859-AD43-B76F5300FAC0}.Release|Any CPU.ActiveCfg = Release|x86
		{90C63D49-49E0-4859-AD43-B76F5300FAC0}.Release|Any CPU.Build.0 = Release|x86
		{90C63D49-49E0-4859-AD43-B76F5300FAC0}.Release|x86.ActiveCfg = Release|x86
		{90C63D49-49E0-4859-AD43-B76F5300FAC0}.Release|x86.Build.0 = Release|x86
		{90C63D49-49E0-4859-AD43-B76F5300FAC0}.Unsafe|Any CPU.ActiveCfg = Unsafe|Any CPU
		{90C63D49-49E0-4859-AD43-B76F5300FAC0}.Unsafe|Any CPU.Build.0 = Unsafe|Any CPU
		{90C63D49-49E0-4859-AD43-B76F5300FAC0}.Unsafe|x86.ActiveCfg = Unsafe|x86
		{90C63D49-49E0-4859-AD43-B76F5300FAC0}.Unsafe|x86.Build.0 = Unsafe|x86
	EndGlobalSection
	GlobalSection(SolutionProperties) = preSolution
		HideSolutionNode = FALSE
	EndGlobalSection
EndGlobal
