
Microsoft Visual Studio Solution File, Format Version 12.00
# Visual Studio 2012
Project("{FAE04EC0-301F-11D3-BF4B-00C04F79EFBC}") = "TimSort.macOS", "TimSort\TimSort.macOS.csproj", "{AE2CA992-0C52-4978-9BFE-4E75B95395A1}"
EndProject
Project("{FAE04EC0-301F-11D3-BF4B-00C04F79EFBC}") = "TimSort.Tests", "TimSort.Tests\TimSort.Tests.csproj", "{90C63D49-49E0-4859-AD43-B76F5300FAC0}"
EndProject
Project("{FAE04EC0-301F-11D3-BF4B-00C04F79EFBC}") = "TimSort.Tests.App", "TimSort.Tests.App\TimSort.Tests.App.csproj", "{87EA3848-B05D-4933-AC78-A85EDBE975B1}"
EndProject
Project("{FAE04EC0-301F-11D3-BF4B-00C04F79EFBC}") = "TimSort.Android", "TimSort\TimSort.Android.csproj", "{3B77AD4D-D2CB-464B-8D6B-74D35725A258}"
EndProject
Project("{FAE04EC0-301F-11D3-BF4B-00C04F79EFBC}") = "TimSort.iOS", "TimSort\TimSort.iOS.csproj", "{B43DEB29-C609-4EB5-B12D-DE5030527D89}"
EndProject
Global
	GlobalSection(SolutionConfigurationPlatforms) = preSolution
		Debug|Any CPU = Debug|Any CPU
		Release|Any CPU = Release|Any CPU
		Unsafe|Any CPU = Unsafe|Any CPU
	EndGlobalSection
	GlobalSection(ProjectConfigurationPlatforms) = postSolution
		{AE2CA992-0C52-4978-9BFE-4E75B95395A1}.Debug|Any CPU.ActiveCfg = Debug|Any CPU
		{AE2CA992-0C52-4978-9BFE-4E75B95395A1}.Debug|Any CPU.Build.0 = Debug|Any CPU
		{AE2CA992-0C52-4978-9BFE-4E75B95395A1}.Release|Any CPU.ActiveCfg = Release|Any CPU
		{AE2CA992-0C52-4978-9BFE-4E75B95395A1}.Release|Any CPU.Build.0 = Release|Any CPU
		{AE2CA992-0C52-4978-9BFE-4E75B95395A1}.Unsafe|Any CPU.ActiveCfg = Unsafe|Any CPU
		{AE2CA992-0C52-4978-9BFE-4E75B95395A1}.Unsafe|Any CPU.Build.0 = Unsafe|Any CPU
		{90C63D49-49E0-4859-AD43-B76F5300FAC0}.Debug|Any CPU.ActiveCfg = Debug|Any CPU
		{90C63D49-49E0-4859-AD43-B76F5300FAC0}.Debug|Any CPU.Build.0 = Debug|Any CPU
		{90C63D49-49E0-4859-AD43-B76F5300FAC0}.Release|Any CPU.ActiveCfg = Release|Any CPU
		{90C63D49-49E0-4859-AD43-B76F5300FAC0}.Release|Any CPU.Build.0 = Release|Any CPU
		{90C63D49-49E0-4859-AD43-B76F5300FAC0}.Unsafe|Any CPU.ActiveCfg = Release|Any CPU
		{90C63D49-49E0-4859-AD43-B76F5300FAC0}.Unsafe|Any CPU.Build.0 = Release|Any CPU
		{90C63D49-49E0-4859-AD43-B76F5300FAC0}.Unsafe|Any CPU.Deploy.0 = Release|Any CPU
		{87EA3848-B05D-4933-AC78-A85EDBE975B1}.Debug|Any CPU.ActiveCfg = Debug|Any CPU
		{87EA3848-B05D-4933-AC78-A85EDBE975B1}.Debug|Any CPU.Build.0 = Debug|Any CPU
		{87EA3848-B05D-4933-AC78-A85EDBE975B1}.Release|Any CPU.ActiveCfg = Release|Any CPU
		{87EA3848-B05D-4933-AC78-A85EDBE975B1}.Release|Any CPU.Build.0 = Release|Any CPU
		{87EA3848-B05D-4933-AC78-A85EDBE975B1}.Unsafe|Any CPU.ActiveCfg = Release|Any CPU
		{87EA3848-B05D-4933-AC78-A85EDBE975B1}.Unsafe|Any CPU.Build.0 = Release|Any CPU
		{87EA3848-B05D-4933-AC78-A85EDBE975B1}.Unsafe|Any CPU.Deploy.0 = Release|Any CPU
		{3B77AD4D-D2CB-464B-8D6B-74D35725A258}.Debug|Any CPU.ActiveCfg = Debug|Any CPU
		{3B77AD4D-D2CB-464B-8D6B-74D35725A258}.Debug|Any CPU.Build.0 = Debug|Any CPU
		{3B77AD4D-D2CB-464B-8D6B-74D35725A258}.Release|Any CPU.ActiveCfg = Release|Any CPU
		{3B77AD4D-D2CB-464B-8D6B-74D35725A258}.Release|Any CPU.Build.0 = Release|Any CPU
		{3B77AD4D-D2CB-464B-8D6B-74D35725A258}.Unsafe|Any CPU.ActiveCfg = Unsafe|Any CPU
		{3B77AD4D-D2CB-464B-8D6B-74D35725A258}.Unsafe|Any CPU.Build.0 = Unsafe|Any CPU
		{B43DEB29-C609-4EB5-B12D-DE5030527D89}.Debug|Any CPU.ActiveCfg = Debug|Any CPU
		{B43DEB29-C609-4EB5-B12D-DE5030527D89}.Debug|Any CPU.Build.0 = Debug|Any CPU
		{B43DEB29-C609-4EB5-B12D-DE5030527D89}.Release|Any CPU.ActiveCfg = Release|Any CPU
		{B43DEB29-C609-4EB5-B12D-DE5030527D89}.Release|Any CPU.Build.0 = Release|Any CPU
		{B43DEB29-C609-4EB5-B12D-DE5030527D89}.Unsafe|Any CPU.ActiveCfg = Unsafe|Any CPU
		{B43DEB29-C609-4EB5-B12D-DE5030527D89}.Unsafe|Any CPU.Build.0 = Unsafe|Any CPU
	EndGlobalSection
	GlobalSection(SolutionProperties) = preSolution
		HideSolutionNode = FALSE
	EndGlobalSection
EndGlobal
